
Microsoft Visual Studio Solution File, Format Version 12.00
# Visual Studio Version 16
VisualStudioVersion = 16.0.29009.5
MinimumVisualStudioVersion = 10.0.40219.1
Project("{FAE04EC0-301F-11D3-BF4B-00C04F79EFBC}") = "AbstractFactory", "AbstractFactory\AbstractFactory.csproj", "{F79D8383-A633-4A95-9B91-4598838106B8}"
EndProject
Project("{FAE04EC0-301F-11D3-BF4B-00C04F79EFBC}") = "Heroes", "Heroes\Heroes.csproj", "{E849F38A-EA56-4C25-B098-889E61C646B0}"
EndProject
Project("{FAE04EC0-301F-11D3-BF4B-00C04F79EFBC}") = "Equipment", "Equipment\Equipment.csproj", "{DA993EDB-EC22-47BE-8825-C9804A276392}"
EndProject
Project("{FAE04EC0-301F-11D3-BF4B-00C04F79EFBC}") = "Factories", "Factories\Factories.csproj", "{236932FE-24E9-4A44-B6A5-81574CDA96E6}"
EndProject
Global
	GlobalSection(SolutionConfigurationPlatforms) = preSolution
		Debug|Any CPU = Debug|Any CPU
		Release|Any CPU = Release|Any CPU
	EndGlobalSection
	GlobalSection(ProjectConfigurationPlatforms) = postSolution
		{F79D8383-A633-4A95-9B91-4598838106B8}.Debug|Any CPU.ActiveCfg = Debug|Any CPU
		{F79D8383-A633-4A95-9B91-4598838106B8}.Debug|Any CPU.Build.0 = Debug|Any CPU
		{F79D8383-A633-4A95-9B91-4598838106B8}.Release|Any CPU.ActiveCfg = Release|Any CPU
		{F79D8383-A633-4A95-9B91-4598838106B8}.Release|Any CPU.Build.0 = Release|Any CPU
		{E849F38A-EA56-4C25-B098-889E61C646B0}.Debug|Any CPU.ActiveCfg = Debug|Any CPU
		{E849F38A-EA56-4C25-B098-889E61C646B0}.Debug|Any CPU.Build.0 = Debug|Any CPU
		{E849F38A-EA56-4C25-B098-889E61C646B0}.Release|Any CPU.ActiveCfg = Release|Any CPU
		{E849F38A-EA56-4C25-B098-889E61C646B0}.Release|Any CPU.Build.0 = Release|Any CPU
		{DA993EDB-EC22-47BE-8825-C9804A276392}.Debug|Any CPU.ActiveCfg = Debug|Any CPU
		{DA993EDB-EC22-47BE-8825-C9804A276392}.Debug|Any CPU.Build.0 = Debug|Any CPU
		{DA993EDB-EC22-47BE-8825-C9804A276392}.Release|Any CPU.ActiveCfg = Release|Any CPU
		{DA993EDB-EC22-47BE-8825-C9804A276392}.Release|Any CPU.Build.0 = Release|Any CPU
		{236932FE-24E9-4A44-B6A5-81574CDA96E6}.Debug|Any CPU.ActiveCfg = Debug|Any CPU
		{236932FE-24E9-4A44-B6A5-81574CDA96E6}.Debug|Any CPU.Build.0 = Debug|Any CPU
		{236932FE-24E9-4A44-B6A5-81574CDA96E6}.Release|Any CPU.ActiveCfg = Release|Any CPU
		{236932FE-24E9-4A44-B6A5-81574CDA96E6}.Release|Any CPU.Build.0 = Release|Any CPU
	EndGlobalSection
	GlobalSection(SolutionProperties) = preSolution
		HideSolutionNode = FALSE
	EndGlobalSection
	GlobalSection(ExtensibilityGlobals) = postSolution
		SolutionGuid = {C0DF58C5-052D-4CEC-9262-491043E0D3A9}
	EndGlobalSection
EndGlobal
